Microsoft Visual Studio Solution File, Format Version 12.00
# Visual Studio Version 17
VisualStudioVersion = 17.4.33213.308
MinimumVisualStudioVersion = 15.0.26124.0
Project("{FAE04EC0-301F-11D3-BF4B-00C04F79EFBC}") = "MxStore.Api", "MxStore.Api\MxStore.Api.csproj", "{5F34FB6C-8B25-4537-8806-D7D057DE42D7}"
EndProject
Project("{FAE04EC0-301F-11D3-BF4B-00C04F79EFBC}") = "MxStore.Domain", "MxStore.Domain\MxStore.Domain.csproj", "{E86BB36C-F16A-44BE-AC5C-190BADED26DC}"
EndProject
Project("{FAE04EC0-301F-11D3-BF4B-00C04F79EFBC}") = "MxStore.Infra", "MxStore.Infra\MxStore.Infra.csproj", "{485C2628-B6F4-4B30-B852-364D7C30049B}"
EndProject
Project("{FAE04EC0-301F-11D3-BF4B-00C04F79EFBC}") = "MxStore.Shared", "MxStore.Shared\MxStore.Shared.csproj", "{0EC6D3A3-AD50-4C07-9DA3-AFEB6FDB5A42}"
EndProject
Project("{FAE04EC0-301F-11D3-BF4B-00C04F79EFBC}") = "MxStore.Tests", "MxStore.Tests\MxStore.Tests.csproj", "{2F97C720-48D2-414A-8001-9BE540F179E2}"
EndProject
Global
	GlobalSection(SolutionConfigurationPlatforms) = preSolution
		Debug|Any CPU = Debug|Any CPU
		Debug|x64 = Debug|x64
		Debug|x86 = Debug|x86
		Release|Any CPU = Release|Any CPU
		Release|x64 = Release|x64
		Release|x86 = Release|x86
	EndGlobalSection
	GlobalSection(ProjectConfigurationPlatforms) = postSolution
		{5F34FB6C-8B25-4537-8806-D7D057DE42D7}.Debug|Any CPU.ActiveCfg = Debug|Any CPU
		{5F34FB6C-8B25-4537-8806-D7D057DE42D7}.Debug|Any CPU.Build.0 = Debug|Any CPU
		{5F34FB6C-8B25-4537-8806-D7D057DE42D7}.Debug|x64.ActiveCfg = Debug|x64
		{5F34FB6C-8B25-4537-8806-D7D057DE42D7}.Debug|x64.Build.0 = Debug|x64
		{5F34FB6C-8B25-4537-8806-D7D057DE42D7}.Debug|x86.ActiveCfg = Debug|x86
		{5F34FB6C-8B25-4537-8806-D7D057DE42D7}.Debug|x86.Build.0 = Debug|x86
		{5F34FB6C-8B25-4537-8806-D7D057DE42D7}.Release|Any CPU.ActiveCfg = Release|Any CPU
		{5F34FB6C-8B25-4537-8806-D7D057DE42D7}.Release|Any CPU.Build.0 = Release|Any CPU
		{5F34FB6C-8B25-4537-8806-D7D057DE42D7}.Release|x64.ActiveCfg = Release|x64
		{5F34FB6C-8B25-4537-8806-D7D057DE42D7}.Release|x64.Build.0 = Release|x64
		{5F34FB6C-8B25-4537-8806-D7D057DE42D7}.Release|x86.ActiveCfg = Release|x86
		{5F34FB6C-8B25-4537-8806-D7D057DE42D7}.Release|x86.Build.0 = Release|x86
		{E86BB36C-F16A-44BE-AC5C-190BADED26DC}.Debug|Any CPU.ActiveCfg = Debug|Any CPU
		{E86BB36C-F16A-44BE-AC5C-190BADED26DC}.Debug|Any CPU.Build.0 = Debug|Any CPU
		{E86BB36C-F16A-44BE-AC5C-190BADED26DC}.Debug|x64.ActiveCfg = Debug|x64
		{E86BB36C-F16A-44BE-AC5C-190BADED26DC}.Debug|x64.Build.0 = Debug|x64
		{E86BB36C-F16A-44BE-AC5C-190BADED26DC}.Debug|x86.ActiveCfg = Debug|x86
		{E86BB36C-F16A-44BE-AC5C-190BADED26DC}.Debug|x86.Build.0 = Debug|x86
		{E86BB36C-F16A-44BE-AC5C-190BADED26DC}.Release|Any CPU.ActiveCfg = Release|Any CPU
		{E86BB36C-F16A-44BE-AC5C-190BADED26DC}.Release|Any CPU.Build.0 = Release|Any CPU
		{E86BB36C-F16A-44BE-AC5C-190BADED26DC}.Release|x64.ActiveCfg = Release|x64
		{E86BB36C-F16A-44BE-AC5C-190BADED26DC}.Release|x64.Build.0 = Release|x64
		{E86BB36C-F16A-44BE-AC5C-190BADED26DC}.Release|x86.ActiveCfg = Release|x86
		{E86BB36C-F16A-44BE-AC5C-190BADED26DC}.Release|x86.Build.0 = Release|x86
		{485C2628-B6F4-4B30-B852-364D7C30049B}.Debug|Any CPU.ActiveCfg = Debug|Any CPU
		{485C2628-B6F4-4B30-B852-364D7C30049B}.Debug|Any CPU.Build.0 = Debug|Any CPU
		{485C2628-B6F4-4B30-B852-364D7C30049B}.Debug|x64.ActiveCfg = Debug|x64
		{485C2628-B6F4-4B30-B852-364D7C30049B}.Debug|x64.Build.0 = Debug|x64
		{485C2628-B6F4-4B30-B852-364D7C30049B}.Debug|x86.ActiveCfg = Debug|x86
		{485C2628-B6F4-4B30-B852-364D7C30049B}.Debug|x86.Build.0 = Debug|x86
		{485C2628-B6F4-4B30-B852-364D7C30049B}.Release|Any CPU.ActiveCfg = Release|Any CPU
		{485C2628-B6F4-4B30-B852-364D7C30049B}.Release|Any CPU.Build.0 = Release|Any CPU
		{485C2628-B6F4-4B30-B852-364D7C30049B}.Release|x64.ActiveCfg = Release|x64
		{485C2628-B6F4-4B30-B852-364D7C30049B}.Release|x64.Build.0 = Release|x64
		{485C2628-B6F4-4B30-B852-364D7C30049B}.Release|x86.ActiveCfg = Release|x86
		{485C2628-B6F4-4B30-B852-364D7C30049B}.Release|x86.Build.0 = Release|x86
		{0EC6D3A3-AD50-4C07-9DA3-AFEB6FDB5A42}.Debug|Any CPU.ActiveCfg = Debug|Any CPU
		{0EC6D3A3-AD50-4C07-9DA3-AFEB6FDB5A42}.Debug|Any CPU.Build.0 = Debug|Any CPU
		{0EC6D3A3-AD50-4C07-9DA3-AFEB6FDB5A42}.Debug|x64.ActiveCfg = Debug|x64
		{0EC6D3A3-AD50-4C07-9DA3-AFEB6FDB5A42}.Debug|x64.Build.0 = Debug|x64
		{0EC6D3A3-AD50-4C07-9DA3-AFEB6FDB5A42}.Debug|x86.ActiveCfg = Debug|x86
		{0EC6D3A3-AD50-4C07-9DA3-AFEB6FDB5A42}.Debug|x86.Build.0 = Debug|x86
		{0EC6D3A3-AD50-4C07-9DA3-AFEB6FDB5A42}.Release|Any CPU.ActiveCfg = Release|Any CPU
		{0EC6D3A3-AD50-4C07-9DA3-AFEB6FDB5A42}.Release|Any CPU.Build.0 = Release|Any CPU
		{0EC6D3A3-AD50-4C07-9DA3-AFEB6FDB5A42}.Release|x64.ActiveCfg = Release|x64
		{0EC6D3A3-AD50-4C07-9DA3-AFEB6FDB5A42}.Release|x64.Build.0 = Release|x64
		{0EC6D3A3-AD50-4C07-9DA3-AFEB6FDB5A42}.Release|x86.ActiveCfg = Release|x86
		{0EC6D3A3-AD50-4C07-9DA3-AFEB6FDB5A42}.Release|x86.Build.0 = Release|x86
		{2F97C720-48D2-414A-8001-9BE540F179E2}.Debug|Any CPU.ActiveCfg = Debug|Any CPU
		{2F97C720-48D2-414A-8001-9BE540F179E2}.Debug|Any CPU.Build.0 = Debug|Any CPU
		{2F97C720-48D2-414A-8001-9BE540F179E2}.Debug|x64.ActiveCfg = Debug|x64
		{2F97C720-48D2-414A-8001-9BE540F179E2}.Debug|x64.Build.0 = Debug|x64
		{2F97C720-48D2-414A-8001-9BE540F179E2}.Debug|x86.ActiveCfg = Debug|x86
		{2F97C720-48D2-414A-8001-9BE540F179E2}.Debug|x86.Build.0 = Debug|x86
		{2F97C720-48D2-414A-8001-9BE540F179E2}.Release|Any CPU.ActiveCfg = Release|Any CPU
		{2F97C720-48D2-414A-8001-9BE540F179E2}.Release|Any CPU.Build.0 = Release|Any CPU
		{2F97C720-48D2-414A-8001-9BE540F179E2}.Release|x64.ActiveCfg = Release|x64
		{2F97C720-48D2-414A-8001-9BE540F179E2}.Release|x64.Build.0 = Release|x64
		{2F97C720-48D2-414A-8001-9BE540F179E2}.Release|x86.ActiveCfg = Release|x86
		{2F97C720-48D2-414A-8001-9BE540F179E2}.Release|x86.Build.0 = Release|x86
	EndGlobalSection
	GlobalSection(SolutionProperties) = preSolution
		HideSolutionNode = FALSE
	EndGlobalSection
	GlobalSection(ExtensibilityGlobals) = postSolution
		SolutionGuid = {BAB7E408-2D29-4500-A64C-AA2E8A4FCDAD}
	EndGlobalSection
EndGlobal
