Microsoft Visual Studio Solution File, Format Version 12.00
# Visual Studio Version 17
VisualStudioVersion = 17.4.33213.308
MinimumVisualStudioVersion = 15.0.26124.0
Project("{9A19103F-16F7-4668-BE54-9A1E7A4F7556}") = "MxStore.Api", "MxStore.Api\MxStore.Api.csproj", "{0EB63DB2-BF5F-4FAB-8A53-29E03D7528E3}"
EndProject
Project("{9A19103F-16F7-4668-BE54-9A1E7A4F7556}") = "MxStore.Domain", "MxStore.Domain\MxStore.Domain.csproj", "{7A7CECAE-E214-4AAA-9D72-DB80476E747E}"
EndProject
Project("{9A19103F-16F7-4668-BE54-9A1E7A4F7556}") = "MxStore.Infra", "MxStore.Infra\MxStore.Infra.csproj", "{50BC349C-5D88-4D5D-B418-B09AEA1DA316}"
EndProject
Project("{9A19103F-16F7-4668-BE54-9A1E7A4F7556}") = "MxStore.Shared", "MxStore.Shared\MxStore.Shared.csproj", "{81A26084-7575-4ED6-BE39-D7CF20733070}"
EndProject
Project("{9A19103F-16F7-4668-BE54-9A1E7A4F7556}") = "MxStore.Tests", "MxStore.Tests\MxStore.Tests.csproj", "{370D80BD-F0BE-41EC-880C-0DAF6C1AB845}"
EndProject
Project("{2150E333-8FDC-42A3-9474-1A3956D46DE8}") = "MxStore.Api", "MxStore.Api", "{2C0CC3BE-F97E-48EC-89A6-9C83F39C7917}"
EndProject
Project("{2150E333-8FDC-42A3-9474-1A3956D46DE8}") = "MxStore.Domain", "MxStore.Domain", "{5E38D650-298B-45EF-9D6F-732F6601D79F}"
EndProject
Project("{2150E333-8FDC-42A3-9474-1A3956D46DE8}") = "MxStore.Infra", "MxStore.Infra", "{2BB5FB95-5F02-47E2-A601-57A27694C04E}"
EndProject
Project("{2150E333-8FDC-42A3-9474-1A3956D46DE8}") = "MxStore.Shared", "MxStore.Shared", "{D2500BF4-7937-4CE7-8803-FF3AC71EDF71}"
EndProject
Project("{2150E333-8FDC-42A3-9474-1A3956D46DE8}") = "MxStore.Tests", "MxStore.Tests", "{EE2B00E8-265F-43B1-AE60-ECB9601A5C72}"
EndProject
Global
	GlobalSection(SolutionConfigurationPlatforms) = preSolution
		Debug|Any CPU = Debug|Any CPU
		Debug|x64 = Debug|x64
		Debug|x86 = Debug|x86
		Release|Any CPU = Release|Any CPU
		Release|x64 = Release|x64
		Release|x86 = Release|x86
	EndGlobalSection
	GlobalSection(ProjectConfigurationPlatforms) = postSolution
		{0EB63DB2-BF5F-4FAB-8A53-29E03D7528E3}.Debug|Any CPU.ActiveCfg = Debug|Any CPU
		{0EB63DB2-BF5F-4FAB-8A53-29E03D7528E3}.Debug|Any CPU.Build.0 = Debug|Any CPU
		{0EB63DB2-BF5F-4FAB-8A53-29E03D7528E3}.Debug|x64.ActiveCfg = Debug|x64
		{0EB63DB2-BF5F-4FAB-8A53-29E03D7528E3}.Debug|x64.Build.0 = Debug|x64
		{0EB63DB2-BF5F-4FAB-8A53-29E03D7528E3}.Debug|x86.ActiveCfg = Debug|x86
		{0EB63DB2-BF5F-4FAB-8A53-29E03D7528E3}.Debug|x86.Build.0 = Debug|x86
		{0EB63DB2-BF5F-4FAB-8A53-29E03D7528E3}.Release|Any CPU.ActiveCfg = Release|Any CPU
		{0EB63DB2-BF5F-4FAB-8A53-29E03D7528E3}.Release|Any CPU.Build.0 = Release|Any CPU
		{0EB63DB2-BF5F-4FAB-8A53-29E03D7528E3}.Release|x64.ActiveCfg = Release|x64
		{0EB63DB2-BF5F-4FAB-8A53-29E03D7528E3}.Release|x64.Build.0 = Release|x64
		{0EB63DB2-BF5F-4FAB-8A53-29E03D7528E3}.Release|x86.ActiveCfg = Release|x86
		{0EB63DB2-BF5F-4FAB-8A53-29E03D7528E3}.Release|x86.Build.0 = Release|x86
		{7A7CECAE-E214-4AAA-9D72-DB80476E747E}.Debug|Any CPU.ActiveCfg = Debug|Any CPU
		{7A7CECAE-E214-4AAA-9D72-DB80476E747E}.Debug|Any CPU.Build.0 = Debug|Any CPU
		{7A7CECAE-E214-4AAA-9D72-DB80476E747E}.Debug|x64.ActiveCfg = Debug|x64
		{7A7CECAE-E214-4AAA-9D72-DB80476E747E}.Debug|x64.Build.0 = Debug|x64
		{7A7CECAE-E214-4AAA-9D72-DB80476E747E}.Debug|x86.ActiveCfg = Debug|x86
		{7A7CECAE-E214-4AAA-9D72-DB80476E747E}.Debug|x86.Build.0 = Debug|x86
		{7A7CECAE-E214-4AAA-9D72-DB80476E747E}.Release|Any CPU.ActiveCfg = Release|Any CPU
		{7A7CECAE-E214-4AAA-9D72-DB80476E747E}.Release|Any CPU.Build.0 = Release|Any CPU
		{7A7CECAE-E214-4AAA-9D72-DB80476E747E}.Release|x64.ActiveCfg = Release|x64
		{7A7CECAE-E214-4AAA-9D72-DB80476E747E}.Release|x64.Build.0 = Release|x64
		{7A7CECAE-E214-4AAA-9D72-DB80476E747E}.Release|x86.ActiveCfg = Release|x86
		{7A7CECAE-E214-4AAA-9D72-DB80476E747E}.Release|x86.Build.0 = Release|x86
		{50BC349C-5D88-4D5D-B418-B09AEA1DA316}.Debug|Any CPU.ActiveCfg = Debug|Any CPU
		{50BC349C-5D88-4D5D-B418-B09AEA1DA316}.Debug|Any CPU.Build.0 = Debug|Any CPU
		{50BC349C-5D88-4D5D-B418-B09AEA1DA316}.Debug|x64.ActiveCfg = Debug|x64
		{50BC349C-5D88-4D5D-B418-B09AEA1DA316}.Debug|x64.Build.0 = Debug|x64
		{50BC349C-5D88-4D5D-B418-B09AEA1DA316}.Debug|x86.ActiveCfg = Debug|x86
		{50BC349C-5D88-4D5D-B418-B09AEA1DA316}.Debug|x86.Build.0 = Debug|x86
		{50BC349C-5D88-4D5D-B418-B09AEA1DA316}.Release|Any CPU.ActiveCfg = Release|Any CPU
		{50BC349C-5D88-4D5D-B418-B09AEA1DA316}.Release|Any CPU.Build.0 = Release|Any CPU
		{50BC349C-5D88-4D5D-B418-B09AEA1DA316}.Release|x64.ActiveCfg = Release|x64
		{50BC349C-5D88-4D5D-B418-B09AEA1DA316}.Release|x64.Build.0 = Release|x64
		{50BC349C-5D88-4D5D-B418-B09AEA1DA316}.Release|x86.ActiveCfg = Release|x86
		{50BC349C-5D88-4D5D-B418-B09AEA1DA316}.Release|x86.Build.0 = Release|x86
		{81A26084-7575-4ED6-BE39-D7CF20733070}.Debug|Any CPU.ActiveCfg = Debug|Any CPU
		{81A26084-7575-4ED6-BE39-D7CF20733070}.Debug|Any CPU.Build.0 = Debug|Any CPU
		{81A26084-7575-4ED6-BE39-D7CF20733070}.Debug|x64.ActiveCfg = Debug|x64
		{81A26084-7575-4ED6-BE39-D7CF20733070}.Debug|x64.Build.0 = Debug|x64
		{81A26084-7575-4ED6-BE39-D7CF20733070}.Debug|x86.ActiveCfg = Debug|x86
		{81A26084-7575-4ED6-BE39-D7CF20733070}.Debug|x86.Build.0 = Debug|x86
		{81A26084-7575-4ED6-BE39-D7CF20733070}.Release|Any CPU.ActiveCfg = Release|Any CPU
		{81A26084-7575-4ED6-BE39-D7CF20733070}.Release|Any CPU.Build.0 = Release|Any CPU
		{81A26084-7575-4ED6-BE39-D7CF20733070}.Release|x64.ActiveCfg = Release|x64
		{81A26084-7575-4ED6-BE39-D7CF20733070}.Release|x64.Build.0 = Release|x64
		{81A26084-7575-4ED6-BE39-D7CF20733070}.Release|x86.ActiveCfg = Release|x86
		{81A26084-7575-4ED6-BE39-D7CF20733070}.Release|x86.Build.0 = Release|x86
		{370D80BD-F0BE-41EC-880C-0DAF6C1AB845}.Debug|Any CPU.ActiveCfg = Debug|Any CPU
		{370D80BD-F0BE-41EC-880C-0DAF6C1AB845}.Debug|Any CPU.Build.0 = Debug|Any CPU
		{370D80BD-F0BE-41EC-880C-0DAF6C1AB845}.Debug|x64.ActiveCfg = Debug|x64
		{370D80BD-F0BE-41EC-880C-0DAF6C1AB845}.Debug|x64.Build.0 = Debug|x64
		{370D80BD-F0BE-41EC-880C-0DAF6C1AB845}.Debug|x86.ActiveCfg = Debug|x86
		{370D80BD-F0BE-41EC-880C-0DAF6C1AB845}.Debug|x86.Build.0 = Debug|x86
		{370D80BD-F0BE-41EC-880C-0DAF6C1AB845}.Release|Any CPU.ActiveCfg = Release|Any CPU
		{370D80BD-F0BE-41EC-880C-0DAF6C1AB845}.Release|Any CPU.Build.0 = Release|Any CPU
		{370D80BD-F0BE-41EC-880C-0DAF6C1AB845}.Release|x64.ActiveCfg = Release|x64
		{370D80BD-F0BE-41EC-880C-0DAF6C1AB845}.Release|x64.Build.0 = Release|x64
		{370D80BD-F0BE-41EC-880C-0DAF6C1AB845}.Release|x86.ActiveCfg = Release|x86
		{370D80BD-F0BE-41EC-880C-0DAF6C1AB845}.Release|x86.Build.0 = Release|x86
	EndGlobalSection
	GlobalSection(SolutionProperties) = preSolution
		HideSolutionNode = FALSE
	EndGlobalSection
	GlobalSection(NestedProjects) = preSolution
		{0EB63DB2-BF5F-4FAB-8A53-29E03D7528E3} = {2C0CC3BE-F97E-48EC-89A6-9C83F39C7917}
		{7A7CECAE-E214-4AAA-9D72-DB80476E747E} = {5E38D650-298B-45EF-9D6F-732F6601D79F}
		{50BC349C-5D88-4D5D-B418-B09AEA1DA316} = {2BB5FB95-5F02-47E2-A601-57A27694C04E}
		{81A26084-7575-4ED6-BE39-D7CF20733070} = {D2500BF4-7937-4CE7-8803-FF3AC71EDF71}
		{370D80BD-F0BE-41EC-880C-0DAF6C1AB845} = {EE2B00E8-265F-43B1-AE60-ECB9601A5C72}
	EndGlobalSection
	GlobalSection(ExtensibilityGlobals) = postSolution
		SolutionGuid = {BAB7E408-2D29-4500-A64C-AA2E8A4FCDAD}
	EndGlobalSection
EndGlobal
